
Microsoft Visual Studio Solution File, Format Version 12.00
# Visual Studio Version 17
VisualStudioVersion = 17.3.32901.215
MinimumVisualStudioVersion = 10.0.40219.1
Project("{FAE04EC0-301F-11D3-BF4B-00C04F79EFBC}") = "KDL_Con_CSharp_Intro27Jun2023", "KDL_Con_CSharp_Intro27Jun2023\KDL_Con_CSharp_Intro27Jun2023.csproj", "{3BFB7CE0-2B3A-4A1E-8606-263EC0B489D4}"
EndProject
Project("{9A19103F-16F7-4668-BE54-9A1E7A4F7556}") = "ProductWebAPI", "ProductWebAPI\ProductWebAPI.csproj", "{E4327E45-70AE-44DC-9E14-F16EC39576ED}"
EndProject
Project("{2150E333-8FDC-42A3-9474-1A3956D46DE8}") = "APIGateWayEg", "APIGateWayEg", "{450B8418-5943-43CD-BFD2-C6D9C89491AA}"
EndProject
Project("{FAE04EC0-301F-11D3-BF4B-00C04F79EFBC}") = "ProductWebApiMicroservice", "ProductWebApiMicroservice\ProductWebApiMicroservice.csproj", "{F1255E86-CDA0-4067-9B04-2FC800AB8779}"
EndProject
Project("{FAE04EC0-301F-11D3-BF4B-00C04F79EFBC}") = "OrderWebAPIMicroservice", "OrderWebAPIMicroservice\OrderWebAPIMicroservice.csproj", "{263B4C40-CBFD-4A2F-941F-9CFEC0CF410B}"
EndProject
Project("{FAE04EC0-301F-11D3-BF4B-00C04F79EFBC}") = "conMicroserviceBasedUIApp", "conMicroserviceBasedUIApp\conMicroserviceBasedUIApp.csproj", "{47600364-9F23-421B-A0B5-AE215AFDC753}"
EndProject
Global
	GlobalSection(SolutionConfigurationPlatforms) = preSolution
		Debug|Any CPU = Debug|Any CPU
		Release|Any CPU = Release|Any CPU
	EndGlobalSection
	GlobalSection(ProjectConfigurationPlatforms) = postSolution
		{3BFB7CE0-2B3A-4A1E-8606-263EC0B489D4}.Debug|Any CPU.ActiveCfg = Debug|Any CPU
		{3BFB7CE0-2B3A-4A1E-8606-263EC0B489D4}.Debug|Any CPU.Build.0 = Debug|Any CPU
		{3BFB7CE0-2B3A-4A1E-8606-263EC0B489D4}.Release|Any CPU.ActiveCfg = Release|Any CPU
		{3BFB7CE0-2B3A-4A1E-8606-263EC0B489D4}.Release|Any CPU.Build.0 = Release|Any CPU
		{E4327E45-70AE-44DC-9E14-F16EC39576ED}.Debug|Any CPU.ActiveCfg = Debug|Any CPU
		{E4327E45-70AE-44DC-9E14-F16EC39576ED}.Debug|Any CPU.Build.0 = Debug|Any CPU
		{E4327E45-70AE-44DC-9E14-F16EC39576ED}.Release|Any CPU.ActiveCfg = Release|Any CPU
		{E4327E45-70AE-44DC-9E14-F16EC39576ED}.Release|Any CPU.Build.0 = Release|Any CPU
		{F1255E86-CDA0-4067-9B04-2FC800AB8779}.Debug|Any CPU.ActiveCfg = Debug|Any CPU
		{F1255E86-CDA0-4067-9B04-2FC800AB8779}.Debug|Any CPU.Build.0 = Debug|Any CPU
		{F1255E86-CDA0-4067-9B04-2FC800AB8779}.Release|Any CPU.ActiveCfg = Release|Any CPU
		{F1255E86-CDA0-4067-9B04-2FC800AB8779}.Release|Any CPU.Build.0 = Release|Any CPU
		{263B4C40-CBFD-4A2F-941F-9CFEC0CF410B}.Debug|Any CPU.ActiveCfg = Debug|Any CPU
		{263B4C40-CBFD-4A2F-941F-9CFEC0CF410B}.Debug|Any CPU.Build.0 = Debug|Any CPU
		{263B4C40-CBFD-4A2F-941F-9CFEC0CF410B}.Release|Any CPU.ActiveCfg = Release|Any CPU
		{263B4C40-CBFD-4A2F-941F-9CFEC0CF410B}.Release|Any CPU.Build.0 = Release|Any CPU
		{47600364-9F23-421B-A0B5-AE215AFDC753}.Debug|Any CPU.ActiveCfg = Debug|Any CPU
		{47600364-9F23-421B-A0B5-AE215AFDC753}.Debug|Any CPU.Build.0 = Debug|Any CPU
		{47600364-9F23-421B-A0B5-AE215AFDC753}.Release|Any CPU.ActiveCfg = Release|Any CPU
		{47600364-9F23-421B-A0B5-AE215AFDC753}.Release|Any CPU.Build.0 = Release|Any CPU
	EndGlobalSection
	GlobalSection(SolutionProperties) = preSolution
		HideSolutionNode = FALSE
	EndGlobalSection
	GlobalSection(NestedProjects) = preSolution
		{F1255E86-CDA0-4067-9B04-2FC800AB8779} = {450B8418-5943-43CD-BFD2-C6D9C89491AA}
		{263B4C40-CBFD-4A2F-941F-9CFEC0CF410B} = {450B8418-5943-43CD-BFD2-C6D9C89491AA}
		{47600364-9F23-421B-A0B5-AE215AFDC753} = {450B8418-5943-43CD-BFD2-C6D9C89491AA}
	EndGlobalSection
	GlobalSection(ExtensibilityGlobals) = postSolution
		SolutionGuid = {45863024-AB3A-434B-9F99-F5B2EBC5F541}
	EndGlobalSection
EndGlobal
